// !$*UTF8*$!
{
	archiveVersion = 1;
	classes = {
	};
	objectVersion = 46;
	objects = {

/* Begin PBXBuildFile section */
		7A19B0CD1C10393900033E24 /* cluster.cpp in Sources */ = {isa = PBXBuildFile; fileRef = 7A19B0CB1C10393900033E24 /* cluster.cpp */; };
		7A47882D1C03D9EB0037EC54 /* classifier.cpp in Sources */ = {isa = PBXBuildFile; fileRef = 7A47882B1C03D9EB0037EC54 /* classifier.cpp */; };
		7A4F8F241BDA9106001F1C3E /* main.cpp in Sources */ = {isa = PBXBuildFile; fileRef = 7A4F8F231BDA9106001F1C3E /* main.cpp */; };
		7A4F8F2C1BDA92B2001F1C3E /* camera.cpp in Sources */ = {isa = PBXBuildFile; fileRef = 7A4F8F2A1BDA92B2001F1C3E /* camera.cpp */; };
		7A4F8F2F1BDBC0F0001F1C3E /* fps.cpp in Sources */ = {isa = PBXBuildFile; fileRef = 7A4F8F2D1BDBC0F0001F1C3E /* fps.cpp */; };
		7A4F8F321BDBC7CD001F1C3E /* util.cpp in Sources */ = {isa = PBXBuildFile; fileRef = 7A4F8F301BDBC7CD001F1C3E /* util.cpp */; };
		7ADA249A1BE2C2C3006F9BC4 /* clusteringEngine.cpp in Sources */ = {isa = PBXBuildFile; fileRef = 7ADA24981BE2C2C3006F9BC4 /* clusteringEngine.cpp */; };
		7ADB002B1BED05C60044BAD2 /* TODO.md in Sources */ = {isa = PBXBuildFile; fileRef = 7ADB002A1BED05C60044BAD2 /* TODO.md */; };
/* End PBXBuildFile section */

/* Begin PBXCopyFilesBuildPhase section */
		7A4F8F1E1BDA9106001F1C3E /* CopyFiles */ = {
			isa = PBXCopyFilesBuildPhase;
			buildActionMask = 2147483647;
			dstPath = /usr/share/man/man1/;
			dstSubfolderSpec = 0;
			files = (
			);
			runOnlyForDeploymentPostprocessing = 1;
		};
/* End PBXCopyFilesBuildPhase section */

/* Begin PBXFileReference section */
		7A19B0CB1C10393900033E24 /* cluster.cpp */ = {isa = PBXFileReference; fileEncoding = 4; lastKnownFileType = sourcecode.cpp.cpp; path = cluster.cpp; sourceTree = "<group>"; };
		7A19B0CC1C10393900033E24 /* cluster.h */ = {isa = PBXFileReference; fileEncoding = 4; lastKnownFileType = sourcecode.c.h; path = cluster.h; sourceTree = "<group>"; };
		7A19B0CE1C1039DD00033E24 /* constants.h */ = {isa = PBXFileReference; fileEncoding = 4; lastKnownFileType = sourcecode.c.h; path = constants.h; sourceTree = "<group>"; };
		7A47882B1C03D9EB0037EC54 /* classifier.cpp */ = {isa = PBXFileReference; fileEncoding = 4; lastKnownFileType = sourcecode.cpp.cpp; path = classifier.cpp; sourceTree = "<group>"; };
		7A47882C1C03D9EB0037EC54 /* classifier.h */ = {isa = PBXFileReference; fileEncoding = 4; lastKnownFileType = sourcecode.c.h; path = classifier.h; sourceTree = "<group>"; };
		7A4F8F201BDA9106001F1C3E /* randomForestsEdgeDetection */ = {isa = PBXFileReference; explicitFileType = "compiled.mach-o.executable"; includeInIndex = 0; path = randomForestsEdgeDetection; sourceTree = BUILT_PRODUCTS_DIR; };
		7A4F8F231BDA9106001F1C3E /* main.cpp */ = {isa = PBXFileReference; lastKnownFileType = sourcecode.cpp.cpp; path = main.cpp; sourceTree = "<group>"; };
		7A4F8F2A1BDA92B2001F1C3E /* camera.cpp */ = {isa = PBXFileReference; fileEncoding = 4; lastKnownFileType = sourcecode.cpp.cpp; path = camera.cpp; sourceTree = "<group>"; };
		7A4F8F2B1BDA92B2001F1C3E /* camera.h */ = {isa = PBXFileReference; fileEncoding = 4; lastKnownFileType = sourcecode.c.h; path = camera.h; sourceTree = "<group>"; };
		7A4F8F2D1BDBC0F0001F1C3E /* fps.cpp */ = {isa = PBXFileReference; fileEncoding = 4; lastKnownFileType = sourcecode.cpp.cpp; path = fps.cpp; sourceTree = "<group>"; };
		7A4F8F2E1BDBC0F0001F1C3E /* fps.h */ = {isa = PBXFileReference; fileEncoding = 4; lastKnownFileType = sourcecode.c.h; path = fps.h; sourceTree = "<group>"; };
		7A4F8F301BDBC7CD001F1C3E /* util.cpp */ = {isa = PBXFileReference; fileEncoding = 4; lastKnownFileType = sourcecode.cpp.cpp; path = util.cpp; sourceTree = "<group>"; };
		7A4F8F311BDBC7CD001F1C3E /* util.h */ = {isa = PBXFileReference; fileEncoding = 4; lastKnownFileType = sourcecode.c.h; path = util.h; sourceTree = "<group>"; };
		7ADA24981BE2C2C3006F9BC4 /* clusteringEngine.cpp */ = {isa = PBXFileReference; fileEncoding = 4; lastKnownFileType = sourcecode.cpp.cpp; path = clusteringEngine.cpp; sourceTree = "<group>"; };
		7ADA24991BE2C2C3006F9BC4 /* clusteringEngine.h */ = {isa = PBXFileReference; fileEncoding = 4; lastKnownFileType = sourcecode.c.h; path = clusteringEngine.h; sourceTree = "<group>"; };
		7ADB002A1BED05C60044BAD2 /* TODO.md */ = {isa = PBXFileReference; fileEncoding = 4; lastKnownFileType = net.daringfireball.markdown; name = TODO.md; path = randomForestsEdgeDetection/TODO.md; sourceTree = "<group>"; };
/* End PBXFileReference section */

/* Begin PBXFrameworksBuildPhase section */
		7A4F8F1D1BDA9106001F1C3E /* Frameworks */ = {
			isa = PBXFrameworksBuildPhase;
			buildActionMask = 2147483647;
			files = (
			);
			runOnlyForDeploymentPostprocessing = 0;
		};
/* End PBXFrameworksBuildPhase section */

/* Begin PBXGroup section */
		7A4F8F171BDA9106001F1C3E = {
			isa = PBXGroup;
			children = (
				7ADB002A1BED05C60044BAD2 /* TODO.md */,
				7A4F8F221BDA9106001F1C3E /* randomForestsEdgeDetection */,
				7A4F8F211BDA9106001F1C3E /* Products */,
			);
			sourceTree = "<group>";
		};
		7A4F8F211BDA9106001F1C3E /* Products */ = {
			isa = PBXGroup;
			children = (
				7A4F8F201BDA9106001F1C3E /* randomForestsEdgeDetection */,
			);
			name = Products;
			sourceTree = "<group>";
		};
		7A4F8F221BDA9106001F1C3E /* randomForestsEdgeDetection */ = {
			isa = PBXGroup;
			children = (
				7A4F8F231BDA9106001F1C3E /* main.cpp */,
				7A4F8F2A1BDA92B2001F1C3E /* camera.cpp */,
				7A4F8F2B1BDA92B2001F1C3E /* camera.h */,
				7A4F8F2D1BDBC0F0001F1C3E /* fps.cpp */,
				7A4F8F2E1BDBC0F0001F1C3E /* fps.h */,
				7A4F8F301BDBC7CD001F1C3E /* util.cpp */,
				7A4F8F311BDBC7CD001F1C3E /* util.h */,
				7ADA24981BE2C2C3006F9BC4 /* clusteringEngine.cpp */,
				7ADA24991BE2C2C3006F9BC4 /* clusteringEngine.h */,
				7A19B0CB1C10393900033E24 /* cluster.cpp */,
				7A19B0CC1C10393900033E24 /* cluster.h */,
				7A47882B1C03D9EB0037EC54 /* classifier.cpp */,
				7A47882C1C03D9EB0037EC54 /* classifier.h */,
				7A19B0CE1C1039DD00033E24 /* constants.h */,
			);
			path = randomForestsEdgeDetection;
			sourceTree = "<group>";
		};
/* End PBXGroup section */

/* Begin PBXNativeTarget section */
		7A4F8F1F1BDA9106001F1C3E /* randomForestsEdgeDetection */ = {
			isa = PBXNativeTarget;
			buildConfigurationList = 7A4F8F271BDA9106001F1C3E /* Build configuration list for PBXNativeTarget "randomForestsEdgeDetection" */;
			buildPhases = (
				7A4F8F1C1BDA9106001F1C3E /* Sources */,
				7A4F8F1D1BDA9106001F1C3E /* Frameworks */,
				7A4F8F1E1BDA9106001F1C3E /* CopyFiles */,
			);
			buildRules = (
			);
			dependencies = (
			);
			name = randomForestsEdgeDetection;
			productName = randomForestsEdgeDetection;
			productReference = 7A4F8F201BDA9106001F1C3E /* randomForestsEdgeDetection */;
			productType = "com.apple.product-type.tool";
		};
/* End PBXNativeTarget section */

/* Begin PBXProject section */
		7A4F8F181BDA9106001F1C3E /* Project object */ = {
			isa = PBXProject;
			attributes = {
				LastUpgradeCheck = 0610;
				ORGANIZATIONNAME = eth;
				TargetAttributes = {
					7A4F8F1F1BDA9106001F1C3E = {
						CreatedOnToolsVersion = 6.1;
					};
				};
			};
			buildConfigurationList = 7A4F8F1B1BDA9106001F1C3E /* Build configuration list for PBXProject "randomForestsEdgeDetection" */;
			compatibilityVersion = "Xcode 3.2";
			developmentRegion = English;
			hasScannedForEncodings = 0;
			knownRegions = (
				en,
			);
			mainGroup = 7A4F8F171BDA9106001F1C3E;
			productRefGroup = 7A4F8F211BDA9106001F1C3E /* Products */;
			projectDirPath = "";
			projectRoot = "";
			targets = (
				7A4F8F1F1BDA9106001F1C3E /* randomForestsEdgeDetection */,
			);
		};
/* End PBXProject section */

/* Begin PBXSourcesBuildPhase section */
		7A4F8F1C1BDA9106001F1C3E /* Sources */ = {
			isa = PBXSourcesBuildPhase;
			buildActionMask = 2147483647;
			files = (
				7ADB002B1BED05C60044BAD2 /* TODO.md in Sources */,
				7A4F8F2F1BDBC0F0001F1C3E /* fps.cpp in Sources */,
				7A19B0CD1C10393900033E24 /* cluster.cpp in Sources */,
				7A4F8F2C1BDA92B2001F1C3E /* camera.cpp in Sources */,
				7A47882D1C03D9EB0037EC54 /* classifier.cpp in Sources */,
				7A4F8F241BDA9106001F1C3E /* main.cpp in Sources */,
				7ADA249A1BE2C2C3006F9BC4 /* clusteringEngine.cpp in Sources */,
				7A4F8F321BDBC7CD001F1C3E /* util.cpp in Sources */,
			);
			runOnlyForDeploymentPostprocessing = 0;
		};
/* End PBXSourcesBuildPhase section */

/* Begin XCBuildConfiguration section */
		7A4F8F251BDA9106001F1C3E /* Debug */ = {
			isa = XCBuildConfiguration;
			buildSettings = {
				ALWAYS_SEARCH_USER_PATHS = NO;
				CLANG_CXX_LANGUAGE_STANDARD = "gnu++0x";
				CLANG_CXX_LIBRARY = "libc++";
				CLANG_ENABLE_MODULES = YES;
				CLANG_ENABLE_OBJC_ARC = YES;
				CLANG_WARN_BOOL_CONVERSION = YES;
				CLANG_WARN_CONSTANT_CONVERSION = YES;
				CLANG_WARN_DIRECT_OBJC_ISA_USAGE = YES_ERROR;
				CLANG_WARN_EMPTY_BODY = YES;
				CLANG_WARN_ENUM_CONVERSION = YES;
				CLANG_WARN_INT_CONVERSION = YES;
				CLANG_WARN_OBJC_ROOT_CLASS = YES_ERROR;
				CLANG_WARN_UNREACHABLE_CODE = YES;
				CLANG_WARN__DUPLICATE_METHOD_MATCH = YES;
				COPY_PHASE_STRIP = NO;
				ENABLE_STRICT_OBJC_MSGSEND = YES;
				GCC_C_LANGUAGE_STANDARD = gnu99;
				GCC_DYNAMIC_NO_PIC = NO;
				GCC_OPTIMIZATION_LEVEL = 0;
				GCC_PREPROCESSOR_DEFINITIONS = (
					"DEBUG=1",
					"$(inherited)",
				);
				GCC_SYMBOLS_PRIVATE_EXTERN = NO;
				GCC_WARN_64_TO_32_BIT_CONVERSION = YES;
				GCC_WARN_ABOUT_RETURN_TYPE = YES_ERROR;
				GCC_WARN_UNDECLARED_SELECTOR = YES;
				GCC_WARN_UNINITIALIZED_AUTOS = YES_AGGRESSIVE;
				GCC_WARN_UNUSED_FUNCTION = YES;
				GCC_WARN_UNUSED_VARIABLE = YES;
				MACOSX_DEPLOYMENT_TARGET = 10.10;
				MTL_ENABLE_DEBUG_INFO = YES;
				ONLY_ACTIVE_ARCH = YES;
				SDKROOT = macosx;
			};
			name = Debug;
		};
		7A4F8F261BDA9106001F1C3E /* Release */ = {
			isa = XCBuildConfiguration;
			buildSettings = {
				ALWAYS_SEARCH_USER_PATHS = NO;
				CLANG_CXX_LANGUAGE_STANDARD = "gnu++0x";
				CLANG_CXX_LIBRARY = "libc++";
				CLANG_ENABLE_MODULES = YES;
				CLANG_ENABLE_OBJC_ARC = YES;
				CLANG_WARN_BOOL_CONVERSION = YES;
				CLANG_WARN_CONSTANT_CONVERSION = YES;
				CLANG_WARN_DIRECT_OBJC_ISA_USAGE = YES_ERROR;
				CLANG_WARN_EMPTY_BODY = YES;
				CLANG_WARN_ENUM_CONVERSION = YES;
				CLANG_WARN_INT_CONVERSION = YES;
				CLANG_WARN_OBJC_ROOT_CLASS = YES_ERROR;
				CLANG_WARN_UNREACHABLE_CODE = YES;
				CLANG_WARN__DUPLICATE_METHOD_MATCH = YES;
				COPY_PHASE_STRIP = YES;
				DEBUG_INFORMATION_FORMAT = "dwarf-with-dsym";
				ENABLE_NS_ASSERTIONS = NO;
				ENABLE_STRICT_OBJC_MSGSEND = YES;
				GCC_C_LANGUAGE_STANDARD = gnu99;
				GCC_WARN_64_TO_32_BIT_CONVERSION = YES;
				GCC_WARN_ABOUT_RETURN_TYPE = YES_ERROR;
				GCC_WARN_UNDECLARED_SELECTOR = YES;
				GCC_WARN_UNINITIALIZED_AUTOS = YES_AGGRESSIVE;
				GCC_WARN_UNUSED_FUNCTION = YES;
				GCC_WARN_UNUSED_VARIABLE = YES;
				MACOSX_DEPLOYMENT_TARGET = 10.10;
				MTL_ENABLE_DEBUG_INFO = NO;
				SDKROOT = macosx;
			};
			name = Release;
		};
		7A4F8F281BDA9106001F1C3E /* Debug */ = {
			isa = XCBuildConfiguration;
			buildSettings = {
				HEADER_SEARCH_PATHS = (
					"$(inherited)",
					/Applications/Xcode.app/Contents/Developer/Toolchains/XcodeDefault.xctoolchain/usr/include,
					/usr/local/include,
				);
				LIBRARY_SEARCH_PATHS = /usr/local/lib;
				OTHER_LDFLAGS = (
					"-lopencv_calib3d",
					"-lopencv_core",
					"-lopencv_features2d",
					"-lopencv_flann",
					"-lopencv_highgui",
					"-lopencv_imgcodecs",
					"-lopencv_imgproc",
					"-lopencv_ml",
					"-lopencv_objdetect",
					"-lopencv_photo",
					"-lopencv_shape",
					"-lopencv_stitching",
					"-lopencv_superres",
					"-lopencv_ts",
					"-lopencv_video",
					"-lopencv_videoio",
					"-lopencv_videostab",
					"-lopencv_ximgproc",
					"-lopencv_rgbd",
				);
				PRODUCT_NAME = "$(TARGET_NAME)";
			};
			name = Debug;
		};
		7A4F8F291BDA9106001F1C3E /* Release */ = {
			isa = XCBuildConfiguration;
			buildSettings = {
				HEADER_SEARCH_PATHS = (
					"$(inherited)",
					/Applications/Xcode.app/Contents/Developer/Toolchains/XcodeDefault.xctoolchain/usr/include,
					/usr/local/include,
				);
				LIBRARY_SEARCH_PATHS = /usr/local/lib;
				OTHER_LDFLAGS = (
					"-lopencv_calib3d",
					"-lopencv_core",
					"-lopencv_features2d",
					"-lopencv_flann",
					"-lopencv_highgui",
					"-lopencv_imgcodecs",
					"-lopencv_imgproc",
					"-lopencv_ml",
					"-lopencv_objdetect",
					"-lopencv_photo",
					"-lopencv_shape",
					"-lopencv_stitching",
					"-lopencv_superres",
					"-lopencv_ts",
					"-lopencv_video",
					"-lopencv_videoio",
					"-lopencv_videostab",
					"-lopencv_ximgproc",
					"-lopencv_rgbd",
				);
				PRODUCT_NAME = "$(TARGET_NAME)";
			};
			name = Release;
		};
/* End XCBuildConfiguration section */

/* Begin XCConfigurationList section */
		7A4F8F1B1BDA9106001F1C3E /* Build configuration list for PBXProject "randomForestsEdgeDetection" */ = {
			isa = XCConfigurationList;
			buildConfigurations = (
				7A4F8F251BDA9106001F1C3E /* Debug */,
				7A4F8F261BDA9106001F1C3E /* Release */,
			);
			defaultConfigurationIsVisible = 0;
			defaultConfigurationName = Release;
		};
		7A4F8F271BDA9106001F1C3E /* Build configuration list for PBXNativeTarget "randomForestsEdgeDetection" */ = {
			isa = XCConfigurationList;
			buildConfigurations = (
				7A4F8F281BDA9106001F1C3E /* Debug */,
				7A4F8F291BDA9106001F1C3E /* Release */,
			);
			defaultConfigurationIsVisible = 0;
			defaultConfigurationName = Release;
		};
/* End XCConfigurationList section */
	};
	rootObject = 7A4F8F181BDA9106001F1C3E /* Project object */;
}
